// !$*UTF8*$!
{
	archiveVersion = 1;
	classes = {
	};
	objectVersion = 46;
	objects = {

/* Begin PBXBuildFile section */
		72250018DA5FC94D82412109 /* Pods_registration.framework in Frameworks */ = {isa = PBXBuildFile; fileRef = DF88387E64AC654AE5D26F17 /* Pods_registration.framework */; };
		B04567691F12C2CF00538BEB /* GoogleService-Info.plist in Resources */ = {isa = PBXBuildFile; fileRef = B04567681F12C2CF00538BEB /* GoogleService-Info.plist */; };
		B086D8D31F103BA400154543 /* EntryViewController.swift in Sources */ = {isa = PBXBuildFile; fileRef = B086D8D21F103BA400154543 /* EntryViewController.swift */; };
		B086D8D71F105EEC00154543 /* RegisterViewController.swift in Sources */ = {isa = PBXBuildFile; fileRef = B086D8D61F105EEC00154543 /* RegisterViewController.swift */; };
		B086D8D91F105F3A00154543 /* HomeViewController.swift in Sources */ = {isa = PBXBuildFile; fileRef = B086D8D81F105F3A00154543 /* HomeViewController.swift */; };
		B086D8DC1F10656800154543 /* LoginViewController.swift in Sources */ = {isa = PBXBuildFile; fileRef = B086D8DB1F10656800154543 /* LoginViewController.swift */; };
		B0E39ECE1F0FEF0100B6ADB9 /* AppDelegate.swift in Sources */ = {isa = PBXBuildFile; fileRef = B0E39ECD1F0FEF0100B6ADB9 /* AppDelegate.swift */; };
		B0E39ED01F0FEF0100B6ADB9 /* ViewController.swift in Sources */ = {isa = PBXBuildFile; fileRef = B0E39ECF1F0FEF0100B6ADB9 /* ViewController.swift */; };
		B0E39ED31F0FEF0100B6ADB9 /* Main.storyboard in Resources */ = {isa = PBXBuildFile; fileRef = B0E39ED11F0FEF0100B6ADB9 /* Main.storyboard */; };
		B0E39ED51F0FEF0100B6ADB9 /* Assets.xcassets in Resources */ = {isa = PBXBuildFile; fileRef = B0E39ED41F0FEF0100B6ADB9 /* Assets.xcassets */; };
		B0E39ED81F0FEF0100B6ADB9 /* LaunchScreen.storyboard in Resources */ = {isa = PBXBuildFile; fileRef = B0E39ED61F0FEF0100B6ADB9 /* LaunchScreen.storyboard */; };
/* End PBXBuildFile section */

/* Begin PBXFileReference section */
		8E8E9265924E1F1B59104D72 /* Pods-registration.release.xcconfig */ = {isa = PBXFileReference; includeInIndex = 1; lastKnownFileType = text.xcconfig; name = "Pods-registration.release.xcconfig"; path = "Pods/Target Support Files/Pods-registration/Pods-registration.release.xcconfig"; sourceTree = "<group>"; };
		B04567681F12C2CF00538BEB /* GoogleService-Info.plist */ = {isa = PBXFileReference; fileEncoding = 4; lastKnownFileType = text.plist.xml; name = "GoogleService-Info.plist"; path = "../GoogleService-Info.plist"; sourceTree = "<group>"; };
		B045676A1F12C3C800538BEB /* registration.entitlements */ = {isa = PBXFileReference; lastKnownFileType = text.plist.entitlements; path = registration.entitlements; sourceTree = "<group>"; };
		B086D8D21F103BA400154543 /* EntryViewController.swift */ = {isa = PBXFileReference; fileEncoding = 4; lastKnownFileType = sourcecode.swift; path = EntryViewController.swift; sourceTree = "<group>"; };
		B086D8D61F105EEC00154543 /* RegisterViewController.swift */ = {isa = PBXFileReference; fileEncoding = 4; lastKnownFileType = sourcecode.swift; path = RegisterViewController.swift; sourceTree = "<group>"; };
		B086D8D81F105F3A00154543 /* HomeViewController.swift */ = {isa = PBXFileReference; fileEncoding = 4; lastKnownFileType = sourcecode.swift; path = HomeViewController.swift; sourceTree = "<group>"; };
		B086D8DB1F10656800154543 /* LoginViewController.swift */ = {isa = PBXFileReference; fileEncoding = 4; lastKnownFileType = sourcecode.swift; path = LoginViewController.swift; sourceTree = "<group>"; };
		B0E39ECA1F0FEF0100B6ADB9 /* registration.app */ = {isa = PBXFileReference; explicitFileType = wrapper.application; includeInIndex = 0; path = registration.app; sourceTree = BUILT_PRODUCTS_DIR; };
		B0E39ECD1F0FEF0100B6ADB9 /* AppDelegate.swift */ = {isa = PBXFileReference; lastKnownFileType = sourcecode.swift; path = AppDelegate.swift; sourceTree = "<group>"; };
		B0E39ECF1F0FEF0100B6ADB9 /* ViewController.swift */ = {isa = PBXFileReference; lastKnownFileType = sourcecode.swift; path = ViewController.swift; sourceTree = "<group>"; };
		B0E39ED21F0FEF0100B6ADB9 /* Base */ = {isa = PBXFileReference; lastKnownFileType = file.storyboard; name = Base; path = Base.lproj/Main.storyboard; sourceTree = "<group>"; };
		B0E39ED41F0FEF0100B6ADB9 /* Assets.xcassets */ = {isa = PBXFileReference; lastKnownFileType = folder.assetcatalog; path = Assets.xcassets; sourceTree = "<group>"; };
		B0E39ED71F0FEF0100B6ADB9 /* Base */ = {isa = PBXFileReference; lastKnownFileType = file.storyboard; name = Base; path = Base.lproj/LaunchScreen.storyboard; sourceTree = "<group>"; };
		B0E39ED91F0FEF0100B6ADB9 /* Info.plist */ = {isa = PBXFileReference; lastKnownFileType = text.plist.xml; path = Info.plist; sourceTree = "<group>"; };
		DF88387E64AC654AE5D26F17 /* Pods_registration.framework */ = {isa = PBXFileReference; explicitFileType = wrapper.framework; includeInIndex = 0; path = Pods_registration.framework; sourceTree = BUILT_PRODUCTS_DIR; };
		E53E2F9E03140008585F8B5C /* Pods-registration.debug.xcconfig */ = {isa = PBXFileReference; includeInIndex = 1; lastKnownFileType = text.xcconfig; name = "Pods-registration.debug.xcconfig"; path = "Pods/Target Support Files/Pods-registration/Pods-registration.debug.xcconfig"; sourceTree = "<group>"; };
/* End PBXFileReference section */

/* Begin PBXFrameworksBuildPhase section */
		B0E39EC71F0FEF0100B6ADB9 /* Frameworks */ = {
			isa = PBXFrameworksBuildPhase;
			buildActionMask = 2147483647;
			files = (
				72250018DA5FC94D82412109 /* Pods_registration.framework in Frameworks */,
			);
			runOnlyForDeploymentPostprocessing = 0;
		};
/* End PBXFrameworksBuildPhase section */

/* Begin PBXGroup section */
		1141868974386777717E8D06 /* Pods */ = {
			isa = PBXGroup;
			children = (
				E53E2F9E03140008585F8B5C /* Pods-registration.debug.xcconfig */,
				8E8E9265924E1F1B59104D72 /* Pods-registration.release.xcconfig */,
			);
			name = Pods;
			sourceTree = "<group>";
		};
		4FF522A3F95D0BF3008949ED /* Frameworks */ = {
			isa = PBXGroup;
			children = (
				DF88387E64AC654AE5D26F17 /* Pods_registration.framework */,
			);
			name = Frameworks;
			sourceTree = "<group>";
		};
		B086D8CF1F1028E800154543 /* SupportingFiles */ = {
			isa = PBXGroup;
			children = (
				B0E39ED41F0FEF0100B6ADB9 /* Assets.xcassets */,
				B0E39ED91F0FEF0100B6ADB9 /* Info.plist */,
			);
			name = SupportingFiles;
			sourceTree = "<group>";
		};
		B0E39EC11F0FEF0100B6ADB9 = {
			isa = PBXGroup;
			children = (
				B0E39ECC1F0FEF0100B6ADB9 /* registration */,
				B0E39ECB1F0FEF0100B6ADB9 /* Products */,
				1141868974386777717E8D06 /* Pods */,
				4FF522A3F95D0BF3008949ED /* Frameworks */,
			);
			sourceTree = "<group>";
		};
		B0E39ECB1F0FEF0100B6ADB9 /* Products */ = {
			isa = PBXGroup;
			children = (
				B0E39ECA1F0FEF0100B6ADB9 /* registration.app */,
			);
			name = Products;
			sourceTree = "<group>";
		};
		B0E39ECC1F0FEF0100B6ADB9 /* registration */ = {
			isa = PBXGroup;
			children = (
				B045676A1F12C3C800538BEB /* registration.entitlements */,
				B04567681F12C2CF00538BEB /* GoogleService-Info.plist */,
				B0E39ECD1F0FEF0100B6ADB9 /* AppDelegate.swift */,
				B0E39EDF1F0FEF1900B6ADB9 /* Model */,
				B0E39EE11F0FEF2800B6ADB9 /* Controller */,
				B0E39EE01F0FEF1F00B6ADB9 /* View */,
				B086D8CF1F1028E800154543 /* SupportingFiles */,
			);
			path = registration;
			sourceTree = "<group>";
		};
		B0E39EDF1F0FEF1900B6ADB9 /* Model */ = {
			isa = PBXGroup;
			children = (
			);
			name = Model;
			sourceTree = "<group>";
		};
		B0E39EE01F0FEF1F00B6ADB9 /* View */ = {
			isa = PBXGroup;
			children = (
				B0E39ED11F0FEF0100B6ADB9 /* Main.storyboard */,
				B0E39ED61F0FEF0100B6ADB9 /* LaunchScreen.storyboard */,
			);
			name = View;
			sourceTree = "<group>";
		};
		B0E39EE11F0FEF2800B6ADB9 /* Controller */ = {
			isa = PBXGroup;
			children = (
				B0E39ECF1F0FEF0100B6ADB9 /* ViewController.swift */,
				B086D8D21F103BA400154543 /* EntryViewController.swift */,
				B086D8D61F105EEC00154543 /* RegisterViewController.swift */,
				B086D8DB1F10656800154543 /* LoginViewController.swift */,
				B086D8D81F105F3A00154543 /* HomeViewController.swift */,
			);
			name = Controller;
			sourceTree = "<group>";
		};
/* End PBXGroup section */

/* Begin PBXNativeTarget section */
		B0E39EC91F0FEF0100B6ADB9 /* registration */ = {
			isa = PBXNativeTarget;
			buildConfigurationList = B0E39EDC1F0FEF0100B6ADB9 /* Build configuration list for PBXNativeTarget "registration" */;
			buildPhases = (
				00231B886C26F809BAD427C9 /* [CP] Check Pods Manifest.lock */,
				B0E39EC61F0FEF0100B6ADB9 /* Sources */,
				B0E39EC71F0FEF0100B6ADB9 /* Frameworks */,
				B0E39EC81F0FEF0100B6ADB9 /* Resources */,
				3AAAAC5E6B675459864A9BA1 /* [CP] Embed Pods Frameworks */,
				8C887DEB8D6DEAF7878FC766 /* [CP] Copy Pods Resources */,
			);
			buildRules = (
			);
			dependencies = (
			);
			name = registration;
			productName = registration;
			productReference = B0E39ECA1F0FEF0100B6ADB9 /* registration.app */;
			productType = "com.apple.product-type.application";
		};
/* End PBXNativeTarget section */

/* Begin PBXProject section */
		B0E39EC21F0FEF0100B6ADB9 /* Project object */ = {
			isa = PBXProject;
			attributes = {
				LastSwiftUpdateCheck = 0830;
				LastUpgradeCheck = 0830;
				ORGANIZATIONNAME = devuser;
				TargetAttributes = {
					B0E39EC91F0FEF0100B6ADB9 = {
						CreatedOnToolsVersion = 8.3.3;
						DevelopmentTeam = LV42MYFKW3;
						ProvisioningStyle = Automatic;
						SystemCapabilities = {
							com.apple.BackgroundModes = {
								enabled = 1;
							};
							com.apple.Push = {
								enabled = 1;
							};
						};
					};
				};
			};
			buildConfigurationList = B0E39EC51F0FEF0100B6ADB9 /* Build configuration list for PBXProject "registration" */;
			compatibilityVersion = "Xcode 3.2";
			developmentRegion = English;
			hasScannedForEncodings = 0;
			knownRegions = (
				en,
				Base,
			);
			mainGroup = B0E39EC11F0FEF0100B6ADB9;
			productRefGroup = B0E39ECB1F0FEF0100B6ADB9 /* Products */;
			projectDirPath = "";
			projectRoot = "";
			targets = (
				B0E39EC91F0FEF0100B6ADB9 /* registration */,
			);
		};
/* End PBXProject section */

/* Begin PBXResourcesBuildPhase section */
		B0E39EC81F0FEF0100B6ADB9 /* Resources */ = {
			isa = PBXResourcesBuildPhase;
			buildActionMask = 2147483647;
			files = (
				B0E39ED81F0FEF0100B6ADB9 /* LaunchScreen.storyboard in Resources */,
				B0E39ED51F0FEF0100B6ADB9 /* Assets.xcassets in Resources */,
				B04567691F12C2CF00538BEB /* GoogleService-Info.plist in Resources */,
				B0E39ED31F0FEF0100B6ADB9 /* Main.storyboard in Resources */,
			);
			runOnlyForDeploymentPostprocessing = 0;
		};
/* End PBXResourcesBuildPhase section */

/* Begin PBXShellScriptBuildPhase section */
		00231B886C26F809BAD427C9 /* [CP] Check Pods Manifest.lock */ = {
			isa = PBXShellScriptBuildPhase;
			buildActionMask = 2147483647;
			files = (
			);
			inputPaths = (
			);
			name = "[CP] Check Pods Manifest.lock";
			outputPaths = (
			);
			runOnlyForDeploymentPostprocessing = 0;
			shellPath = /bin/sh;
			shellScript = "diff \"${PODS_PODFILE_DIR_PATH}/Podfile.lock\" \"${PODS_ROOT}/Manifest.lock\" > /dev/null\nif [ $? != 0 ] ; then\n    # print error to STDERR\n    echo \"error: The sandbox is not in sync with the Podfile.lock. Run 'pod install' or update your CocoaPods installation.\" >&2\n    exit 1\nfi\n";
			showEnvVarsInLog = 0;
		};
		3AAAAC5E6B675459864A9BA1 /* [CP] Embed Pods Frameworks */ = {
			isa = PBXShellScriptBuildPhase;
			buildActionMask = 2147483647;
			files = (
			);
			inputPaths = (
			);
			name = "[CP] Embed Pods Frameworks";
			outputPaths = (
			);
			runOnlyForDeploymentPostprocessing = 0;
			shellPath = /bin/sh;
			shellScript = "\"${SRCROOT}/Pods/Target Support Files/Pods-registration/Pods-registration-frameworks.sh\"\n";
			showEnvVarsInLog = 0;
		};
		8C887DEB8D6DEAF7878FC766 /* [CP] Copy Pods Resources */ = {
			isa = PBXShellScriptBuildPhase;
			buildActionMask = 2147483647;
			files = (
			);
			inputPaths = (
			);
			name = "[CP] Copy Pods Resources";
			outputPaths = (
			);
			runOnlyForDeploymentPostprocessing = 0;
			shellPath = /bin/sh;
			shellScript = "\"${SRCROOT}/Pods/Target Support Files/Pods-registration/Pods-registration-resources.sh\"\n";
			showEnvVarsInLog = 0;
		};
/* End PBXShellScriptBuildPhase section */

/* Begin PBXSourcesBuildPhase section */
		B0E39EC61F0FEF0100B6ADB9 /* Sources */ = {
			isa = PBXSourcesBuildPhase;
			buildActionMask = 2147483647;
			files = (
				B086D8DC1F10656800154543 /* LoginViewController.swift in Sources */,
				B086D8D71F105EEC00154543 /* RegisterViewController.swift in Sources */,
				B0E39ED01F0FEF0100B6ADB9 /* ViewController.swift in Sources */,
				B0E39ECE1F0FEF0100B6ADB9 /* AppDelegate.swift in Sources */,
				B086D8D31F103BA400154543 /* EntryViewController.swift in Sources */,
				B086D8D91F105F3A00154543 /* HomeViewController.swift in Sources */,
			);
			runOnlyForDeploymentPostprocessing = 0;
		};
/* End PBXSourcesBuildPhase section */

/* Begin PBXVariantGroup section */
		B0E39ED11F0FEF0100B6ADB9 /* Main.storyboard */ = {
			isa = PBXVariantGroup;
			children = (
				B0E39ED21F0FEF0100B6ADB9 /* Base */,
			);
			name = Main.storyboard;
			sourceTree = "<group>";
		};
		B0E39ED61F0FEF0100B6ADB9 /* LaunchScreen.storyboard */ = {
			isa = PBXVariantGroup;
			children = (
				B0E39ED71F0FEF0100B6ADB9 /* Base */,
			);
			name = LaunchScreen.storyboard;
			sourceTree = "<group>";
		};
/* End PBXVariantGroup section */

/* Begin XCBuildConfiguration section */
		B0E39EDA1F0FEF0100B6ADB9 /* Debug */ = {
			isa = XCBuildConfiguration;
			buildSettings = {
				ALWAYS_SEARCH_USER_PATHS = NO;
				CLANG_ANALYZER_NONNULL = YES;
				CLANG_ANALYZER_NUMBER_OBJECT_CONVERSION = YES_AGGRESSIVE;
				CLANG_CXX_LANGUAGE_STANDARD = "gnu++0x";
				CLANG_CXX_LIBRARY = "libc++";
				CLANG_ENABLE_MODULES = YES;
				CLANG_ENABLE_OBJC_ARC = YES;
				CLANG_WARN_BOOL_CONVERSION = YES;
				CLANG_WARN_CONSTANT_CONVERSION = YES;
				CLANG_WARN_DIRECT_OBJC_ISA_USAGE = YES_ERROR;
				CLANG_WARN_DOCUMENTATION_COMMENTS = YES;
				CLANG_WARN_EMPTY_BODY = YES;
				CLANG_WARN_ENUM_CONVERSION = YES;
				CLANG_WARN_INFINITE_RECURSION = YES;
				CLANG_WARN_INT_CONVERSION = YES;
				CLANG_WARN_OBJC_ROOT_CLASS = YES_ERROR;
				CLANG_WARN_SUSPICIOUS_MOVE = YES;
				CLANG_WARN_UNREACHABLE_CODE = YES;
				CLANG_WARN__DUPLICATE_METHOD_MATCH = YES;
				"CODE_SIGN_IDENTITY[sdk=iphoneos*]" = "iPhone Developer";
				COPY_PHASE_STRIP = NO;
				DEBUG_INFORMATION_FORMAT = dwarf;
				ENABLE_STRICT_OBJC_MSGSEND = YES;
				ENABLE_TESTABILITY = YES;
				GCC_C_LANGUAGE_STANDARD = gnu99;
				GCC_DYNAMIC_NO_PIC = NO;
				GCC_NO_COMMON_BLOCKS = YES;
				GCC_OPTIMIZATION_LEVEL = 0;
				GCC_PREPROCESSOR_DEFINITIONS = (
					"DEBUG=1",
					"$(inherited)",
				);
				GCC_WARN_64_TO_32_BIT_CONVERSION = YES;
				GCC_WARN_ABOUT_RETURN_TYPE = YES_ERROR;
				GCC_WARN_UNDECLARED_SELECTOR = YES;
				GCC_WARN_UNINITIALIZED_AUTOS = YES_AGGRESSIVE;
				GCC_WARN_UNUSED_FUNCTION = YES;
				GCC_WARN_UNUSED_VARIABLE = YES;
				IPHONEOS_DEPLOYMENT_TARGET = 10.3;
				MTL_ENABLE_DEBUG_INFO = YES;
				ONLY_ACTIVE_ARCH = YES;
				SDKROOT = iphoneos;
				SWIFT_ACTIVE_COMPILATION_CONDITIONS = DEBUG;
				SWIFT_OPTIMIZATION_LEVEL = "-Onone";
				TARGETED_DEVICE_FAMILY = "1,2";
			};
			name = Debug;
		};
		B0E39EDB1F0FEF0100B6ADB9 /* Release */ = {
			isa = XCBuildConfiguration;
			buildSettings = {
				ALWAYS_SEARCH_USER_PATHS = NO;
				CLANG_ANALYZER_NONNULL = YES;
				CLANG_ANALYZER_NUMBER_OBJECT_CONVERSION = YES_AGGRESSIVE;
				CLANG_CXX_LANGUAGE_STANDARD = "gnu++0x";
				CLANG_CXX_LIBRARY = "libc++";
				CLANG_ENABLE_MODULES = YES;
				CLANG_ENABLE_OBJC_ARC = YES;
				CLANG_WARN_BOOL_CONVERSION = YES;
				CLANG_WARN_CONSTANT_CONVERSION = YES;
				CLANG_WARN_DIRECT_OBJC_ISA_USAGE = YES_ERROR;
				CLANG_WARN_DOCUMENTATION_COMMENTS = YES;
				CLANG_WARN_EMPTY_BODY = YES;
				CLANG_WARN_ENUM_CONVERSION = YES;
				CLANG_WARN_INFINITE_RECURSION = YES;
				CLANG_WARN_INT_CONVERSION = YES;
				CLANG_WARN_OBJC_ROOT_CLASS = YES_ERROR;
				CLANG_WARN_SUSPICIOUS_MOVE = YES;
				CLANG_WARN_UNREACHABLE_CODE = YES;
				CLANG_WARN__DUPLICATE_METHOD_MATCH = YES;
				"CODE_SIGN_IDENTITY[sdk=iphoneos*]" = "iPhone Developer";
				COPY_PHASE_STRIP = NO;
				DEBUG_INFORMATION_FORMAT = "dwarf-with-dsym";
				ENABLE_NS_ASSERTIONS = NO;
				ENABLE_STRICT_OBJC_MSGSEND = YES;
				GCC_C_LANGUAGE_STANDARD = gnu99;
				GCC_NO_COMMON_BLOCKS = YES;
				GCC_WARN_64_TO_32_BIT_CONVERSION = YES;
				GCC_WARN_ABOUT_RETURN_TYPE = YES_ERROR;
				GCC_WARN_UNDECLARED_SELECTOR = YES;
				GCC_WARN_UNINITIALIZED_AUTOS = YES_AGGRESSIVE;
				GCC_WARN_UNUSED_FUNCTION = YES;
				GCC_WARN_UNUSED_VARIABLE = YES;
				IPHONEOS_DEPLOYMENT_TARGET = 10.3;
				MTL_ENABLE_DEBUG_INFO = NO;
				SDKROOT = iphoneos;
				SWIFT_OPTIMIZATION_LEVEL = "-Owholemodule";
				TARGETED_DEVICE_FAMILY = "1,2";
				VALIDATE_PRODUCT = YES;
			};
			name = Release;
		};
		B0E39EDD1F0FEF0100B6ADB9 /* Debug */ = {
			isa = XCBuildConfiguration;
			baseConfigurationReference = E53E2F9E03140008585F8B5C /* Pods-registration.debug.xcconfig */;
			buildSettings = {
				ASSETCATALOG_COMPILER_APPICON_NAME = AppIcon;
				CODE_SIGN_ENTITLEMENTS = registration/registration.entitlements;
				DEVELOPMENT_TEAM = LV42MYFKW3;
				INFOPLIST_FILE = registration/Info.plist;
				IPHONEOS_DEPLOYMENT_TARGET = 10.2;
				LD_RUNPATH_SEARCH_PATHS = "$(inherited) @executable_path/Frameworks";
				PRODUCT_BUNDLE_IDENTIFIER = com.sul.registration;
				PRODUCT_NAME = "$(TARGET_NAME)";
				SWIFT_VERSION = 3.0;
			};
			name = Debug;
		};
		B0E39EDE1F0FEF0100B6ADB9 /* Release */ = {
			isa = XCBuildConfiguration;
			baseConfigurationReference = 8E8E9265924E1F1B59104D72 /* Pods-registration.release.xcconfig */;
			buildSettings = {
				ASSETCATALOG_COMPILER_APPICON_NAME = AppIcon;
				CODE_SIGN_ENTITLEMENTS = registration/registration.entitlements;
				DEVELOPMENT_TEAM = LV42MYFKW3;
				INFOPLIST_FILE = registration/Info.plist;
				IPHONEOS_DEPLOYMENT_TARGET = 10.2;
				LD_RUNPATH_SEARCH_PATHS = "$(inherited) @executable_path/Frameworks";
				PRODUCT_BUNDLE_IDENTIFIER = com.sul.registration;
				PRODUCT_NAME = "$(TARGET_NAME)";
				SWIFT_VERSION = 3.0;
			};
			name = Release;
		};
/* End XCBuildConfiguration section */

/* Begin XCConfigurationList section */
		B0E39EC51F0FEF0100B6ADB9 /* Build configuration list for PBXProject "registration" */ = {
			isa = XCConfigurationList;
			buildConfigurations = (
				B0E39EDA1F0FEF0100B6ADB9 /* Debug */,
				B0E39EDB1F0FEF0100B6ADB9 /* Release */,
			);
			defaultConfigurationIsVisible = 0;
			defaultConfigurationName = Release;
		};
		B0E39EDC1F0FEF0100B6ADB9 /* Build configuration list for PBXNativeTarget "registration" */ = {
			isa = XCConfigurationList;
			buildConfigurations = (
				B0E39EDD1F0FEF0100B6ADB9 /* Debug */,
				B0E39EDE1F0FEF0100B6ADB9 /* Release */,
			);
			defaultConfigurationIsVisible = 0;
			defaultConfigurationName = Release;
		};
/* End XCConfigurationList section */
	};
	rootObject = B0E39EC21F0FEF0100B6ADB9 /* Project object */;
}
